
Microsoft Visual Studio Solution File, Format Version 12.00
# Visual Studio Version 17
VisualStudioVersion = 17.0.31903.59
MinimumVisualStudioVersion = 10.0.40219.1
Project("{FAE04EC0-301F-11D3-BF4B-00C04F79EFBC}") = "SV22T1020469.Models", "SV22T1020469.Models\SV22T1020469.Models.csproj", "{80A1623D-83B6-490A-ABD9-BD0E13E76E28}"
EndProject
Project("{FAE04EC0-301F-11D3-BF4B-00C04F79EFBC}") = "SV22T1020469.DataLayers", "SV22T1020469.DataLayers\SV22T1020469.DataLayers.csproj", "{7E7EC2EF-B69A-4520-950E-48905FD5CD3F}"
EndProject
Project("{FAE04EC0-301F-11D3-BF4B-00C04F79EFBC}") = "SV22T1020469.BusinessLayers", "SV22T1020469.BusinessLayers\SV22T1020469.BusinessLayers.csproj", "{12F99043-ACE7-4589-A62D-4E0250BD6985}"
EndProject
Project("{FAE04EC0-301F-11D3-BF4B-00C04F79EFBC}") = "SV22T1020469.Shop", "SV22T1020469.Shop\SV22T1020469.Shop.csproj", "{43D6B3EA-D062-43E0-864C-4D941B184EFE}"
EndProject
Project("{FAE04EC0-301F-11D3-BF4B-00C04F79EFBC}") = "SV22T1020469.Admin", "SV22T1020469.Admin\SV22T1020469.Admin.csproj", "{44E619C8-A110-4F19-9A47-24552C50AC19}"
EndProject
Global
	GlobalSection(SolutionConfigurationPlatforms) = preSolution
		Debug|Any CPU = Debug|Any CPU
		Debug|x64 = Debug|x64
		Debug|x86 = Debug|x86
		Release|Any CPU = Release|Any CPU
		Release|x64 = Release|x64
		Release|x86 = Release|x86
	EndGlobalSection
	GlobalSection(ProjectConfigurationPlatforms) = postSolution
		{80A1623D-83B6-490A-ABD9-BD0E13E76E28}.Debug|Any CPU.ActiveCfg = Debug|Any CPU
		{80A1623D-83B6-490A-ABD9-BD0E13E76E28}.Debug|Any CPU.Build.0 = Debug|Any CPU
		{80A1623D-83B6-490A-ABD9-BD0E13E76E28}.Debug|x64.ActiveCfg = Debug|Any CPU
		{80A1623D-83B6-490A-ABD9-BD0E13E76E28}.Debug|x64.Build.0 = Debug|Any CPU
		{80A1623D-83B6-490A-ABD9-BD0E13E76E28}.Debug|x86.ActiveCfg = Debug|Any CPU
		{80A1623D-83B6-490A-ABD9-BD0E13E76E28}.Debug|x86.Build.0 = Debug|Any CPU
		{80A1623D-83B6-490A-ABD9-BD0E13E76E28}.Release|Any CPU.ActiveCfg = Release|Any CPU
		{80A1623D-83B6-490A-ABD9-BD0E13E76E28}.Release|Any CPU.Build.0 = Release|Any CPU
		{80A1623D-83B6-490A-ABD9-BD0E13E76E28}.Release|x64.ActiveCfg = Release|Any CPU
		{80A1623D-83B6-490A-ABD9-BD0E13E76E28}.Release|x64.Build.0 = Release|Any CPU
		{80A1623D-83B6-490A-ABD9-BD0E13E76E28}.Release|x86.ActiveCfg = Release|Any CPU
		{80A1623D-83B6-490A-ABD9-BD0E13E76E28}.Release|x86.Build.0 = Release|Any CPU
		{7E7EC2EF-B69A-4520-950E-48905FD5CD3F}.Debug|Any CPU.ActiveCfg = Debug|Any CPU
		{7E7EC2EF-B69A-4520-950E-48905FD5CD3F}.Debug|Any CPU.Build.0 = Debug|Any CPU
		{7E7EC2EF-B69A-4520-950E-48905FD5CD3F}.Debug|x64.ActiveCfg = Debug|Any CPU
		{7E7EC2EF-B69A-4520-950E-48905FD5CD3F}.Debug|x64.Build.0 = Debug|Any CPU
		{7E7EC2EF-B69A-4520-950E-48905FD5CD3F}.Debug|x86.ActiveCfg = Debug|Any CPU
		{7E7EC2EF-B69A-4520-950E-48905FD5CD3F}.Debug|x86.Build.0 = Debug|Any CPU
		{7E7EC2EF-B69A-4520-950E-48905FD5CD3F}.Release|Any CPU.ActiveCfg = Release|Any CPU
		{7E7EC2EF-B69A-4520-950E-48905FD5CD3F}.Release|Any CPU.Build.0 = Release|Any CPU
		{7E7EC2EF-B69A-4520-950E-48905FD5CD3F}.Release|x64.ActiveCfg = Release|Any CPU
		{7E7EC2EF-B69A-4520-950E-48905FD5CD3F}.Release|x64.Build.0 = Release|Any CPU
		{7E7EC2EF-B69A-4520-950E-48905FD5CD3F}.Release|x86.ActiveCfg = Release|Any CPU
		{7E7EC2EF-B69A-4520-950E-48905FD5CD3F}.Release|x86.Build.0 = Release|Any CPU
		{12F99043-ACE7-4589-A62D-4E0250BD6985}.Debug|Any CPU.ActiveCfg = Debug|Any CPU
		{12F99043-ACE7-4589-A62D-4E0250BD6985}.Debug|Any CPU.Build.0 = Debug|Any CPU
		{12F99043-ACE7-4589-A62D-4E0250BD6985}.Debug|x64.ActiveCfg = Debug|Any CPU
		{12F99043-ACE7-4589-A62D-4E0250BD6985}.Debug|x64.Build.0 = Debug|Any CPU
		{12F99043-ACE7-4589-A62D-4E0250BD6985}.Debug|x86.ActiveCfg = Debug|Any CPU
		{12F99043-ACE7-4589-A62D-4E0250BD6985}.Debug|x86.Build.0 = Debug|Any CPU
		{12F99043-ACE7-4589-A62D-4E0250BD6985}.Release|Any CPU.ActiveCfg = Release|Any CPU
		{12F99043-ACE7-4589-A62D-4E0250BD6985}.Release|Any CPU.Build.0 = Release|Any CPU
		{12F99043-ACE7-4589-A62D-4E0250BD6985}.Release|x64.ActiveCfg = Release|Any CPU
		{12F99043-ACE7-4589-A62D-4E0250BD6985}.Release|x64.Build.0 = Release|Any CPU
		{12F99043-ACE7-4589-A62D-4E0250BD6985}.Release|x86.ActiveCfg = Release|Any CPU
		{12F99043-ACE7-4589-A62D-4E0250BD6985}.Release|x86.Build.0 = Release|Any CPU
		{43D6B3EA-D062-43E0-864C-4D941B184EFE}.Debug|Any CPU.ActiveCfg = Debug|Any CPU
		{43D6B3EA-D062-43E0-864C-4D941B184EFE}.Debug|Any CPU.Build.0 = Debug|Any CPU
		{43D6B3EA-D062-43E0-864C-4D941B184EFE}.Debug|x64.ActiveCfg = Debug|Any CPU
		{43D6B3EA-D062-43E0-864C-4D941B184EFE}.Debug|x64.Build.0 = Debug|Any CPU
		{43D6B3EA-D062-43E0-864C-4D941B184EFE}.Debug|x86.ActiveCfg = Debug|Any CPU
		{43D6B3EA-D062-43E0-864C-4D941B184EFE}.Debug|x86.Build.0 = Debug|Any CPU
		{43D6B3EA-D062-43E0-864C-4D941B184EFE}.Release|Any CPU.ActiveCfg = Release|Any CPU
		{43D6B3EA-D062-43E0-864C-4D941B184EFE}.Release|Any CPU.Build.0 = Release|Any CPU
		{43D6B3EA-D062-43E0-864C-4D941B184EFE}.Release|x64.ActiveCfg = Release|Any CPU
		{43D6B3EA-D062-43E0-864C-4D941B184EFE}.Release|x64.Build.0 = Release|Any CPU
		{43D6B3EA-D062-43E0-864C-4D941B184EFE}.Release|x86.ActiveCfg = Release|Any CPU
		{43D6B3EA-D062-43E0-864C-4D941B184EFE}.Release|x86.Build.0 = Release|Any CPU
		{44E619C8-A110-4F19-9A47-24552C50AC19}.Debug|Any CPU.ActiveCfg = Debug|Any CPU
		{44E619C8-A110-4F19-9A47-24552C50AC19}.Debug|Any CPU.Build.0 = Debug|Any CPU
		{44E619C8-A110-4F19-9A47-24552C50AC19}.Debug|x64.ActiveCfg = Debug|Any CPU
		{44E619C8-A110-4F19-9A47-24552C50AC19}.Debug|x64.Build.0 = Debug|Any CPU
		{44E619C8-A110-4F19-9A47-24552C50AC19}.Debug|x86.ActiveCfg = Debug|Any CPU
		{44E619C8-A110-4F19-9A47-24552C50AC19}.Debug|x86.Build.0 = Debug|Any CPU
		{44E619C8-A110-4F19-9A47-24552C50AC19}.Release|Any CPU.ActiveCfg = Release|Any CPU
		{44E619C8-A110-4F19-9A47-24552C50AC19}.Release|Any CPU.Build.0 = Release|Any CPU
		{44E619C8-A110-4F19-9A47-24552C50AC19}.Release|x64.ActiveCfg = Release|Any CPU
		{44E619C8-A110-4F19-9A47-24552C50AC19}.Release|x64.Build.0 = Release|Any CPU
		{44E619C8-A110-4F19-9A47-24552C50AC19}.Release|x86.ActiveCfg = Release|Any CPU
		{44E619C8-A110-4F19-9A47-24552C50AC19}.Release|x86.Build.0 = Release|Any CPU
	EndGlobalSection
	GlobalSection(SolutionProperties) = preSolution
		HideSolutionNode = FALSE
	EndGlobalSection
EndGlobal
